
Microsoft Visual Studio Solution File, Format Version 12.00
# Visual Studio Version 16
VisualStudioVersion = 16.0.29519.87
MinimumVisualStudioVersion = 10.0.40219.1
Project("{FAE04EC0-301F-11D3-BF4B-00C04F79EFBC}") = "Business", "Business\Business.csproj", "{248E0E3B-3B05-4CEE-8000-4740B2A76DCB}"
EndProject
Project("{FAE04EC0-301F-11D3-BF4B-00C04F79EFBC}") = "DataAccess", "DataAccess\DataAccess.csproj", "{380762C2-7BA9-4C0C-9F7D-87931D45D22B}"
EndProject
Project("{FAE04EC0-301F-11D3-BF4B-00C04F79EFBC}") = "Entities", "Entities\Entities.csproj", "{D16A2C00-59C0-4F79-8F82-903A057AA86A}"
EndProject
Project("{FAE04EC0-301F-11D3-BF4B-00C04F79EFBC}") = "WebAPI", "WebAPI\WebAPI.csproj", "{B82B369E-DBFD-4DCC-A19C-2A0EEF147E28}"
EndProject
Project("{FAE04EC0-301F-11D3-BF4B-00C04F79EFBC}") = "Core", "Core\Core.csproj", "{73F9C071-3013-40E7-A448-6454C89269EA}"
EndProject
Global
	GlobalSection(SolutionConfigurationPlatforms) = preSolution
		Debug|Any CPU = Debug|Any CPU
		Release|Any CPU = Release|Any CPU
	EndGlobalSection
	GlobalSection(ProjectConfigurationPlatforms) = postSolution
		{248E0E3B-3B05-4CEE-8000-4740B2A76DCB}.Debug|Any CPU.ActiveCfg = Debug|Any CPU
		{248E0E3B-3B05-4CEE-8000-4740B2A76DCB}.Debug|Any CPU.Build.0 = Debug|Any CPU
		{248E0E3B-3B05-4CEE-8000-4740B2A76DCB}.Release|Any CPU.ActiveCfg = Release|Any CPU
		{248E0E3B-3B05-4CEE-8000-4740B2A76DCB}.Release|Any CPU.Build.0 = Release|Any CPU
		{380762C2-7BA9-4C0C-9F7D-87931D45D22B}.Debug|Any CPU.ActiveCfg = Debug|Any CPU
		{380762C2-7BA9-4C0C-9F7D-87931D45D22B}.Debug|Any CPU.Build.0 = Debug|Any CPU
		{380762C2-7BA9-4C0C-9F7D-87931D45D22B}.Release|Any CPU.ActiveCfg = Release|Any CPU
		{380762C2-7BA9-4C0C-9F7D-87931D45D22B}.Release|Any CPU.Build.0 = Release|Any CPU
		{D16A2C00-59C0-4F79-8F82-903A057AA86A}.Debug|Any CPU.ActiveCfg = Debug|Any CPU
		{D16A2C00-59C0-4F79-8F82-903A057AA86A}.Debug|Any CPU.Build.0 = Debug|Any CPU
		{D16A2C00-59C0-4F79-8F82-903A057AA86A}.Release|Any CPU.ActiveCfg = Release|Any CPU
		{D16A2C00-59C0-4F79-8F82-903A057AA86A}.Release|Any CPU.Build.0 = Release|Any CPU
		{B82B369E-DBFD-4DCC-A19C-2A0EEF147E28}.Debug|Any CPU.ActiveCfg = Debug|Any CPU
		{B82B369E-DBFD-4DCC-A19C-2A0EEF147E28}.Debug|Any CPU.Build.0 = Debug|Any CPU
		{B82B369E-DBFD-4DCC-A19C-2A0EEF147E28}.Release|Any CPU.ActiveCfg = Release|Any CPU
		{B82B369E-DBFD-4DCC-A19C-2A0EEF147E28}.Release|Any CPU.Build.0 = Release|Any CPU
		{73F9C071-3013-40E7-A448-6454C89269EA}.Debug|Any CPU.ActiveCfg = Debug|Any CPU
		{73F9C071-3013-40E7-A448-6454C89269EA}.Debug|Any CPU.Build.0 = Debug|Any CPU
		{73F9C071-3013-40E7-A448-6454C89269EA}.Release|Any CPU.ActiveCfg = Release|Any CPU
		{73F9C071-3013-40E7-A448-6454C89269EA}.Release|Any CPU.Build.0 = Release|Any CPU
	EndGlobalSection
	GlobalSection(SolutionProperties) = preSolution
		HideSolutionNode = FALSE
	EndGlobalSection
	GlobalSection(ExtensibilityGlobals) = postSolution
		SolutionGuid = {076DED4A-806A-4C95-AAD2-B69578A1AAA3}
	EndGlobalSection
EndGlobal
